
Microsoft Visual Studio Solution File, Format Version 12.00
# Visual Studio 2013
VisualStudioVersion = 12.0.31101.0
MinimumVisualStudioVersion = 10.0.40219.1
Project("{FAE04EC0-301F-11D3-BF4B-00C04F79EFBC}") = "ESC_OfflineTeacher", "ESC_OfflineTeacher\ESC_OfflineTeacher.csproj", "{552177FB-1089-4BC4-B074-E3E6370125FC}"
EndProject
Project("{FAE04EC0-301F-11D3-BF4B-00C04F79EFBC}") = "OfflineTeacher_DBProject", "OfflineTeacher_DBProject\OfflineTeacher_DBProject.csproj", "{B8B56E81-6095-4B37-A782-F20B5EC93D05}"
EndProject
Project("{6141683F-8A12-4E36-9623-2EB02B2C2303}") = "OfflineSaisieInstaller", "OfflineSaisieInstaller\OfflineSaisieInstaller.isproj", "{BA6ED414-84ED-4AC6-B7FD-A788106E1DA7}"
EndProject
Global
	GlobalSection(SolutionConfigurationPlatforms) = preSolution
		CD_ROM|Any CPU = CD_ROM|Any CPU
		CD_ROM|Mixed Platforms = CD_ROM|Mixed Platforms
		CD_ROM|x64 = CD_ROM|x64
		CD_ROM|x86 = CD_ROM|x86
		Debug|Any CPU = Debug|Any CPU
		Debug|Mixed Platforms = Debug|Mixed Platforms
		Debug|x64 = Debug|x64
		Debug|x86 = Debug|x86
		DVD-5|Any CPU = DVD-5|Any CPU
		DVD-5|Mixed Platforms = DVD-5|Mixed Platforms
		DVD-5|x64 = DVD-5|x64
		DVD-5|x86 = DVD-5|x86
		Release|Any CPU = Release|Any CPU
		Release|Mixed Platforms = Release|Mixed Platforms
		Release|x64 = Release|x64
		Release|x86 = Release|x86
		SingleImage|Any CPU = SingleImage|Any CPU
		SingleImage|Mixed Platforms = SingleImage|Mixed Platforms
		SingleImage|x64 = SingleImage|x64
		SingleImage|x86 = SingleImage|x86
	EndGlobalSection
	GlobalSection(ProjectConfigurationPlatforms) = postSolution
		{552177FB-1089-4BC4-B074-E3E6370125FC}.CD_ROM|Any CPU.ActiveCfg = Release|Any CPU
		{552177FB-1089-4BC4-B074-E3E6370125FC}.CD_ROM|Any CPU.Build.0 = Release|Any CPU
		{552177FB-1089-4BC4-B074-E3E6370125FC}.CD_ROM|Mixed Platforms.ActiveCfg = Release|Any CPU
		{552177FB-1089-4BC4-B074-E3E6370125FC}.CD_ROM|Mixed Platforms.Build.0 = Release|Any CPU
		{552177FB-1089-4BC4-B074-E3E6370125FC}.CD_ROM|x64.ActiveCfg = Release|x64
		{552177FB-1089-4BC4-B074-E3E6370125FC}.CD_ROM|x64.Build.0 = Release|x64
		{552177FB-1089-4BC4-B074-E3E6370125FC}.CD_ROM|x86.ActiveCfg = Release|Any CPU
		{552177FB-1089-4BC4-B074-E3E6370125FC}.Debug|Any CPU.ActiveCfg = Debug|Any CPU
		{552177FB-1089-4BC4-B074-E3E6370125FC}.Debug|Any CPU.Build.0 = Debug|Any CPU
		{552177FB-1089-4BC4-B074-E3E6370125FC}.Debug|Mixed Platforms.ActiveCfg = Debug|Any CPU
		{552177FB-1089-4BC4-B074-E3E6370125FC}.Debug|Mixed Platforms.Build.0 = Debug|Any CPU
		{552177FB-1089-4BC4-B074-E3E6370125FC}.Debug|x64.ActiveCfg = Debug|x64
		{552177FB-1089-4BC4-B074-E3E6370125FC}.Debug|x64.Build.0 = Debug|x64
		{552177FB-1089-4BC4-B074-E3E6370125FC}.Debug|x86.ActiveCfg = Debug|Any CPU
		{552177FB-1089-4BC4-B074-E3E6370125FC}.DVD-5|Any CPU.ActiveCfg = Debug|Any CPU
		{552177FB-1089-4BC4-B074-E3E6370125FC}.DVD-5|Any CPU.Build.0 = Debug|Any CPU
		{552177FB-1089-4BC4-B074-E3E6370125FC}.DVD-5|Mixed Platforms.ActiveCfg = Debug|Any CPU
		{552177FB-1089-4BC4-B074-E3E6370125FC}.DVD-5|Mixed Platforms.Build.0 = Debug|Any CPU
		{552177FB-1089-4BC4-B074-E3E6370125FC}.DVD-5|x64.ActiveCfg = Debug|x64
		{552177FB-1089-4BC4-B074-E3E6370125FC}.DVD-5|x64.Build.0 = Debug|x64
		{552177FB-1089-4BC4-B074-E3E6370125FC}.DVD-5|x86.ActiveCfg = Debug|Any CPU
		{552177FB-1089-4BC4-B074-E3E6370125FC}.Release|Any CPU.ActiveCfg = Release|Any CPU
		{552177FB-1089-4BC4-B074-E3E6370125FC}.Release|Any CPU.Build.0 = Release|Any CPU
		{552177FB-1089-4BC4-B074-E3E6370125FC}.Release|Mixed Platforms.ActiveCfg = Release|Any CPU
		{552177FB-1089-4BC4-B074-E3E6370125FC}.Release|Mixed Platforms.Build.0 = Release|Any CPU
		{552177FB-1089-4BC4-B074-E3E6370125FC}.Release|x64.ActiveCfg = Release|x64
		{552177FB-1089-4BC4-B074-E3E6370125FC}.Release|x64.Build.0 = Release|x64
		{552177FB-1089-4BC4-B074-E3E6370125FC}.Release|x86.ActiveCfg = Release|Any CPU
		{552177FB-1089-4BC4-B074-E3E6370125FC}.SingleImage|Any CPU.ActiveCfg = Release|Any CPU
		{552177FB-1089-4BC4-B074-E3E6370125FC}.SingleImage|Any CPU.Build.0 = Release|Any CPU
		{552177FB-1089-4BC4-B074-E3E6370125FC}.SingleImage|Mixed Platforms.ActiveCfg = Release|Any CPU
		{552177FB-1089-4BC4-B074-E3E6370125FC}.SingleImage|Mixed Platforms.Build.0 = Release|Any CPU
		{552177FB-1089-4BC4-B074-E3E6370125FC}.SingleImage|x64.ActiveCfg = Release|x64
		{552177FB-1089-4BC4-B074-E3E6370125FC}.SingleImage|x64.Build.0 = Release|x64
		{552177FB-1089-4BC4-B074-E3E6370125FC}.SingleImage|x86.ActiveCfg = Release|Any CPU
		{B8B56E81-6095-4B37-A782-F20B5EC93D05}.CD_ROM|Any CPU.ActiveCfg = Release|x86
		{B8B56E81-6095-4B37-A782-F20B5EC93D05}.CD_ROM|Mixed Platforms.ActiveCfg = Release|x86
		{B8B56E81-6095-4B37-A782-F20B5EC93D05}.CD_ROM|Mixed Platforms.Build.0 = Release|x86
		{B8B56E81-6095-4B37-A782-F20B5EC93D05}.CD_ROM|x64.ActiveCfg = Release|x86
		{B8B56E81-6095-4B37-A782-F20B5EC93D05}.CD_ROM|x86.ActiveCfg = Release|x86
		{B8B56E81-6095-4B37-A782-F20B5EC93D05}.CD_ROM|x86.Build.0 = Release|x86
		{B8B56E81-6095-4B37-A782-F20B5EC93D05}.Debug|Any CPU.ActiveCfg = Debug|x86
		{B8B56E81-6095-4B37-A782-F20B5EC93D05}.Debug|Mixed Platforms.ActiveCfg = Debug|x86
		{B8B56E81-6095-4B37-A782-F20B5EC93D05}.Debug|Mixed Platforms.Build.0 = Debug|x86
		{B8B56E81-6095-4B37-A782-F20B5EC93D05}.Debug|x64.ActiveCfg = Debug|x86
		{B8B56E81-6095-4B37-A782-F20B5EC93D05}.Debug|x86.ActiveCfg = Debug|x86
		{B8B56E81-6095-4B37-A782-F20B5EC93D05}.Debug|x86.Build.0 = Debug|x86
		{B8B56E81-6095-4B37-A782-F20B5EC93D05}.DVD-5|Any CPU.ActiveCfg = Debug|x86
		{B8B56E81-6095-4B37-A782-F20B5EC93D05}.DVD-5|Mixed Platforms.ActiveCfg = Debug|x86
		{B8B56E81-6095-4B37-A782-F20B5EC93D05}.DVD-5|Mixed Platforms.Build.0 = Debug|x86
		{B8B56E81-6095-4B37-A782-F20B5EC93D05}.DVD-5|x64.ActiveCfg = Debug|x86
		{B8B56E81-6095-4B37-A782-F20B5EC93D05}.DVD-5|x86.ActiveCfg = Debug|x86
		{B8B56E81-6095-4B37-A782-F20B5EC93D05}.DVD-5|x86.Build.0 = Debug|x86
		{B8B56E81-6095-4B37-A782-F20B5EC93D05}.Release|Any CPU.ActiveCfg = Release|x86
		{B8B56E81-6095-4B37-A782-F20B5EC93D05}.Release|Mixed Platforms.ActiveCfg = Release|x86
		{B8B56E81-6095-4B37-A782-F20B5EC93D05}.Release|Mixed Platforms.Build.0 = Release|x86
		{B8B56E81-6095-4B37-A782-F20B5EC93D05}.Release|x64.ActiveCfg = Release|x86
		{B8B56E81-6095-4B37-A782-F20B5EC93D05}.Release|x86.ActiveCfg = Release|x86
		{B8B56E81-6095-4B37-A782-F20B5EC93D05}.Release|x86.Build.0 = Release|x86
		{B8B56E81-6095-4B37-A782-F20B5EC93D05}.SingleImage|Any CPU.ActiveCfg = Release|x86
		{B8B56E81-6095-4B37-A782-F20B5EC93D05}.SingleImage|Mixed Platforms.ActiveCfg = Release|x86
		{B8B56E81-6095-4B37-A782-F20B5EC93D05}.SingleImage|Mixed Platforms.Build.0 = Release|x86
		{B8B56E81-6095-4B37-A782-F20B5EC93D05}.SingleImage|x64.ActiveCfg = Release|x86
		{B8B56E81-6095-4B37-A782-F20B5EC93D05}.SingleImage|x86.ActiveCfg = Release|x86
		{B8B56E81-6095-4B37-A782-F20B5EC93D05}.SingleImage|x86.Build.0 = Release|x86
		{BA6ED414-84ED-4AC6-B7FD-A788106E1DA7}.CD_ROM|Any CPU.ActiveCfg = CD_ROM
		{BA6ED414-84ED-4AC6-B7FD-A788106E1DA7}.CD_ROM|Any CPU.Build.0 = CD_ROM
		{BA6ED414-84ED-4AC6-B7FD-A788106E1DA7}.CD_ROM|Mixed Platforms.ActiveCfg = CD_ROM
		{BA6ED414-84ED-4AC6-B7FD-A788106E1DA7}.CD_ROM|Mixed Platforms.Build.0 = CD_ROM
		{BA6ED414-84ED-4AC6-B7FD-A788106E1DA7}.CD_ROM|x64.ActiveCfg = CD_ROM
		{BA6ED414-84ED-4AC6-B7FD-A788106E1DA7}.CD_ROM|x64.Build.0 = CD_ROM
		{BA6ED414-84ED-4AC6-B7FD-A788106E1DA7}.CD_ROM|x86.ActiveCfg = CD_ROM
		{BA6ED414-84ED-4AC6-B7FD-A788106E1DA7}.CD_ROM|x86.Build.0 = CD_ROM
		{BA6ED414-84ED-4AC6-B7FD-A788106E1DA7}.Debug|Any CPU.ActiveCfg = DVD-5
		{BA6ED414-84ED-4AC6-B7FD-A788106E1DA7}.Debug|Any CPU.Build.0 = DVD-5
		{BA6ED414-84ED-4AC6-B7FD-A788106E1DA7}.Debug|Mixed Platforms.ActiveCfg = DVD-5
		{BA6ED414-84ED-4AC6-B7FD-A788106E1DA7}.Debug|Mixed Platforms.Build.0 = DVD-5
		{BA6ED414-84ED-4AC6-B7FD-A788106E1DA7}.Debug|x64.ActiveCfg = DVD-5
		{BA6ED414-84ED-4AC6-B7FD-A788106E1DA7}.Debug|x64.Build.0 = DVD-5
		{BA6ED414-84ED-4AC6-B7FD-A788106E1DA7}.Debug|x86.ActiveCfg = DVD-5
		{BA6ED414-84ED-4AC6-B7FD-A788106E1DA7}.Debug|x86.Build.0 = DVD-5
		{BA6ED414-84ED-4AC6-B7FD-A788106E1DA7}.DVD-5|Any CPU.ActiveCfg = DVD-5
		{BA6ED414-84ED-4AC6-B7FD-A788106E1DA7}.DVD-5|Any CPU.Build.0 = DVD-5
		{BA6ED414-84ED-4AC6-B7FD-A788106E1DA7}.DVD-5|Mixed Platforms.ActiveCfg = DVD-5
		{BA6ED414-84ED-4AC6-B7FD-A788106E1DA7}.DVD-5|Mixed Platforms.Build.0 = DVD-5
		{BA6ED414-84ED-4AC6-B7FD-A788106E1DA7}.DVD-5|x64.ActiveCfg = DVD-5
		{BA6ED414-84ED-4AC6-B7FD-A788106E1DA7}.DVD-5|x64.Build.0 = DVD-5
		{BA6ED414-84ED-4AC6-B7FD-A788106E1DA7}.DVD-5|x86.ActiveCfg = DVD-5
		{BA6ED414-84ED-4AC6-B7FD-A788106E1DA7}.DVD-5|x86.Build.0 = DVD-5
		{BA6ED414-84ED-4AC6-B7FD-A788106E1DA7}.Release|Any CPU.ActiveCfg = SingleImage
		{BA6ED414-84ED-4AC6-B7FD-A788106E1DA7}.Release|Any CPU.Build.0 = SingleImage
		{BA6ED414-84ED-4AC6-B7FD-A788106E1DA7}.Release|Mixed Platforms.ActiveCfg = SingleImage
		{BA6ED414-84ED-4AC6-B7FD-A788106E1DA7}.Release|Mixed Platforms.Build.0 = SingleImage
		{BA6ED414-84ED-4AC6-B7FD-A788106E1DA7}.Release|x64.ActiveCfg = SingleImage
		{BA6ED414-84ED-4AC6-B7FD-A788106E1DA7}.Release|x64.Build.0 = SingleImage
		{BA6ED414-84ED-4AC6-B7FD-A788106E1DA7}.Release|x86.ActiveCfg = SingleImage
		{BA6ED414-84ED-4AC6-B7FD-A788106E1DA7}.Release|x86.Build.0 = SingleImage
		{BA6ED414-84ED-4AC6-B7FD-A788106E1DA7}.SingleImage|Any CPU.ActiveCfg = SingleImage
		{BA6ED414-84ED-4AC6-B7FD-A788106E1DA7}.SingleImage|Any CPU.Build.0 = SingleImage
		{BA6ED414-84ED-4AC6-B7FD-A788106E1DA7}.SingleImage|Mixed Platforms.ActiveCfg = SingleImage
		{BA6ED414-84ED-4AC6-B7FD-A788106E1DA7}.SingleImage|Mixed Platforms.Build.0 = SingleImage
		{BA6ED414-84ED-4AC6-B7FD-A788106E1DA7}.SingleImage|x64.ActiveCfg = SingleImage
		{BA6ED414-84ED-4AC6-B7FD-A788106E1DA7}.SingleImage|x64.Build.0 = SingleImage
		{BA6ED414-84ED-4AC6-B7FD-A788106E1DA7}.SingleImage|x86.ActiveCfg = SingleImage
		{BA6ED414-84ED-4AC6-B7FD-A788106E1DA7}.SingleImage|x86.Build.0 = SingleImage
	EndGlobalSection
	GlobalSection(SolutionProperties) = preSolution
		HideSolutionNode = FALSE
	EndGlobalSection
EndGlobal
